
Microsoft Visual Studio Solution File, Format Version 12.00
# Visual Studio Version 16
VisualStudioVersion = 16.0.31613.86
MinimumVisualStudioVersion = 10.0.40219.1
Project("{FAE04EC0-301F-11D3-BF4B-00C04F79EFBC}") = "20. Harjoitus CRUD", "20. Harjoitus CRUD\20. Harjoitus CRUD.csproj", "{C476F2F3-A593-4713-9430-57871B187BCC}"
EndProject
Global
	GlobalSection(SolutionConfigurationPlatforms) = preSolution
		Debug|Any CPU = Debug|Any CPU
		Release|Any CPU = Release|Any CPU
	EndGlobalSection
	GlobalSection(ProjectConfigurationPlatforms) = postSolution
		{C476F2F3-A593-4713-9430-57871B187BCC}.Debug|Any CPU.ActiveCfg = Debug|Any CPU
		{C476F2F3-A593-4713-9430-57871B187BCC}.Debug|Any CPU.Build.0 = Debug|Any CPU
		{C476F2F3-A593-4713-9430-57871B187BCC}.Release|Any CPU.ActiveCfg = Release|Any CPU
		{C476F2F3-A593-4713-9430-57871B187BCC}.Release|Any CPU.Build.0 = Release|Any CPU
	EndGlobalSection
	GlobalSection(SolutionProperties) = preSolution
		HideSolutionNode = FALSE
	EndGlobalSection
	GlobalSection(ExtensibilityGlobals) = postSolution
		SolutionGuid = {A136A7D3-1331-4FEE-B762-61A1D88BA3AD}
	EndGlobalSection
EndGlobal
