
Microsoft Visual Studio Solution File, Format Version 12.00
# Visual Studio Version 16
VisualStudioVersion = 16.0.31613.86
MinimumVisualStudioVersion = 10.0.40219.1
Project("{FAE04EC0-301F-11D3-BF4B-00C04F79EFBC}") = "9. Harjoitus Astemuunnin", "9. Harjoitus Astemuunnin\9. Harjoitus Astemuunnin.csproj", "{5A5A17B0-8203-4964-9480-DABED8B0DFEA}"
EndProject
Global
	GlobalSection(SolutionConfigurationPlatforms) = preSolution
		Debug|Any CPU = Debug|Any CPU
		Release|Any CPU = Release|Any CPU
	EndGlobalSection
	GlobalSection(ProjectConfigurationPlatforms) = postSolution
		{5A5A17B0-8203-4964-9480-DABED8B0DFEA}.Debug|Any CPU.ActiveCfg = Debug|Any CPU
		{5A5A17B0-8203-4964-9480-DABED8B0DFEA}.Debug|Any CPU.Build.0 = Debug|Any CPU
		{5A5A17B0-8203-4964-9480-DABED8B0DFEA}.Release|Any CPU.ActiveCfg = Release|Any CPU
		{5A5A17B0-8203-4964-9480-DABED8B0DFEA}.Release|Any CPU.Build.0 = Release|Any CPU
	EndGlobalSection
	GlobalSection(SolutionProperties) = preSolution
		HideSolutionNode = FALSE
	EndGlobalSection
	GlobalSection(ExtensibilityGlobals) = postSolution
		SolutionGuid = {3C40ABC5-00EC-4DBB-B732-0E376DA904A6}
	EndGlobalSection
EndGlobal
