
Microsoft Visual Studio Solution File, Format Version 12.00
# Visual Studio Version 16
VisualStudioVersion = 16.0.29911.84
MinimumVisualStudioVersion = 10.0.40219.1
Project("{FAE04EC0-301F-11D3-BF4B-00C04F79EFBC}") = "7. Tehtävä", "7. Tehtävä\7. Tehtävä.csproj", "{881F2096-4410-4C28-B4C2-D1D8C301871E}"
EndProject
Global
	GlobalSection(SolutionConfigurationPlatforms) = preSolution
		Debug|Any CPU = Debug|Any CPU
		Release|Any CPU = Release|Any CPU
	EndGlobalSection
	GlobalSection(ProjectConfigurationPlatforms) = postSolution
		{881F2096-4410-4C28-B4C2-D1D8C301871E}.Debug|Any CPU.ActiveCfg = Debug|Any CPU
		{881F2096-4410-4C28-B4C2-D1D8C301871E}.Debug|Any CPU.Build.0 = Debug|Any CPU
		{881F2096-4410-4C28-B4C2-D1D8C301871E}.Release|Any CPU.ActiveCfg = Release|Any CPU
		{881F2096-4410-4C28-B4C2-D1D8C301871E}.Release|Any CPU.Build.0 = Release|Any CPU
	EndGlobalSection
	GlobalSection(SolutionProperties) = preSolution
		HideSolutionNode = FALSE
	EndGlobalSection
	GlobalSection(ExtensibilityGlobals) = postSolution
		SolutionGuid = {BBD5CAF4-EAE1-47F4-AF0F-AB9F5A88D16B}
	EndGlobalSection
EndGlobal
