
Microsoft Visual Studio Solution File, Format Version 12.00
# Visual Studio Version 16
VisualStudioVersion = 16.0.29911.84
MinimumVisualStudioVersion = 10.0.40219.1
Project("{FAE04EC0-301F-11D3-BF4B-00C04F79EFBC}") = "Paivakirja", "Paivakirja\Paivakirja.csproj", "{E1538890-36F4-49B4-86B1-C6C574A2F191}"
EndProject
Global
	GlobalSection(SolutionConfigurationPlatforms) = preSolution
		Debug|Any CPU = Debug|Any CPU
		Release|Any CPU = Release|Any CPU
	EndGlobalSection
	GlobalSection(ProjectConfigurationPlatforms) = postSolution
		{E1538890-36F4-49B4-86B1-C6C574A2F191}.Debug|Any CPU.ActiveCfg = Debug|Any CPU
		{E1538890-36F4-49B4-86B1-C6C574A2F191}.Debug|Any CPU.Build.0 = Debug|Any CPU
		{E1538890-36F4-49B4-86B1-C6C574A2F191}.Release|Any CPU.ActiveCfg = Release|Any CPU
		{E1538890-36F4-49B4-86B1-C6C574A2F191}.Release|Any CPU.Build.0 = Release|Any CPU
	EndGlobalSection
	GlobalSection(SolutionProperties) = preSolution
		HideSolutionNode = FALSE
	EndGlobalSection
	GlobalSection(ExtensibilityGlobals) = postSolution
		SolutionGuid = {F93AD2C8-6FFC-4D27-8A77-52BF0B3AD917}
	EndGlobalSection
EndGlobal
